
Microsoft Visual Studio Solution File, Format Version 12.00
# Visual Studio Version 16
VisualStudioVersion = 16.0.30320.27
MinimumVisualStudioVersion = 10.0.40219.1
Project("{FAE04EC0-301F-11D3-BF4B-00C04F79EFBC}") = "PruebaWindowsForms", "PruebaWindowsForms\PruebaWindowsForms.csproj", "{1DE1A540-2BAC-42F7-AE74-BC0046006612}"
EndProject
Global
	GlobalSection(SolutionConfigurationPlatforms) = preSolution
		Debug|Any CPU = Debug|Any CPU
		Release|Any CPU = Release|Any CPU
	EndGlobalSection
	GlobalSection(ProjectConfigurationPlatforms) = postSolution
		{1DE1A540-2BAC-42F7-AE74-BC0046006612}.Debug|Any CPU.ActiveCfg = Debug|Any CPU
		{1DE1A540-2BAC-42F7-AE74-BC0046006612}.Debug|Any CPU.Build.0 = Debug|Any CPU
		{1DE1A540-2BAC-42F7-AE74-BC0046006612}.Release|Any CPU.ActiveCfg = Release|Any CPU
		{1DE1A540-2BAC-42F7-AE74-BC0046006612}.Release|Any CPU.Build.0 = Release|Any CPU
	EndGlobalSection
	GlobalSection(SolutionProperties) = preSolution
		HideSolutionNode = FALSE
	EndGlobalSection
	GlobalSection(ExtensibilityGlobals) = postSolution
		SolutionGuid = {EA5A8AA6-7A99-4695-A252-FB754CC3054C}
	EndGlobalSection
EndGlobal
